
Microsoft Visual Studio Solution File, Format Version 12.00
# Visual Studio Version 17
VisualStudioVersion = 17.8.34525.116
MinimumVisualStudioVersion = 10.0.40219.1
Project("{FAE04EC0-301F-11D3-BF4B-00C04F79EFBC}") = "Gladiator Fight", "Gladiator Fight\Gladiator Fight.csproj", "{9152594F-9E82-48F2-BA90-6171B436639D}"
EndProject
Global
	GlobalSection(SolutionConfigurationPlatforms) = preSolution
		Debug|Any CPU = Debug|Any CPU
		Release|Any CPU = Release|Any CPU
	EndGlobalSection
	GlobalSection(ProjectConfigurationPlatforms) = postSolution
		{9152594F-9E82-48F2-BA90-6171B436639D}.Debug|Any CPU.ActiveCfg = Debug|Any CPU
		{9152594F-9E82-48F2-BA90-6171B436639D}.Debug|Any CPU.Build.0 = Debug|Any CPU
		{9152594F-9E82-48F2-BA90-6171B436639D}.Release|Any CPU.ActiveCfg = Release|Any CPU
		{9152594F-9E82-48F2-BA90-6171B436639D}.Release|Any CPU.Build.0 = Release|Any CPU
	EndGlobalSection
	GlobalSection(SolutionProperties) = preSolution
		HideSolutionNode = FALSE
	EndGlobalSection
	GlobalSection(ExtensibilityGlobals) = postSolution
		SolutionGuid = {9A6FE4D5-8180-4AA6-8EC0-4B6617045173}
	EndGlobalSection
EndGlobal
